
Microsoft Visual Studio Solution File, Format Version 12.00
# Visual Studio Version 17
VisualStudioVersion = 17.7.34031.279
MinimumVisualStudioVersion = 10.0.40219.1
Project("{9A19103F-16F7-4668-BE54-9A1E7A4F7556}") = "MurrayDash", "MurrayDash\MurrayDash.csproj", "{99AA1D2D-FF27-4FE4-9E89-70C6D8B4C9C6}"
EndProject
Project("{FAE04EC0-301F-11D3-BF4B-00C04F79EFBC}") = "MurrayDashTests", "MurrayDashTests\MurrayDashTests.csproj", "{2ED4F0FF-A673-4763-B87C-1914BEA7A674}"
EndProject
Global
	GlobalSection(SolutionConfigurationPlatforms) = preSolution
		Debug|Any CPU = Debug|Any CPU
		Release|Any CPU = Release|Any CPU
	EndGlobalSection
	GlobalSection(ProjectConfigurationPlatforms) = postSolution
		{99AA1D2D-FF27-4FE4-9E89-70C6D8B4C9C6}.Debug|Any CPU.ActiveCfg = Debug|Any CPU
		{99AA1D2D-FF27-4FE4-9E89-70C6D8B4C9C6}.Debug|Any CPU.Build.0 = Debug|Any CPU
		{99AA1D2D-FF27-4FE4-9E89-70C6D8B4C9C6}.Release|Any CPU.ActiveCfg = Release|Any CPU
		{99AA1D2D-FF27-4FE4-9E89-70C6D8B4C9C6}.Release|Any CPU.Build.0 = Release|Any CPU
		{2ED4F0FF-A673-4763-B87C-1914BEA7A674}.Debug|Any CPU.ActiveCfg = Debug|Any CPU
		{2ED4F0FF-A673-4763-B87C-1914BEA7A674}.Debug|Any CPU.Build.0 = Debug|Any CPU
		{2ED4F0FF-A673-4763-B87C-1914BEA7A674}.Release|Any CPU.ActiveCfg = Release|Any CPU
		{2ED4F0FF-A673-4763-B87C-1914BEA7A674}.Release|Any CPU.Build.0 = Release|Any CPU
	EndGlobalSection
	GlobalSection(SolutionProperties) = preSolution
		HideSolutionNode = FALSE
	EndGlobalSection
	GlobalSection(ExtensibilityGlobals) = postSolution
		SolutionGuid = {2C817A38-F193-4521-ADE1-31AE97BD1E8E}
	EndGlobalSection
EndGlobal
